
Microsoft Visual Studio Solution File, Format Version 11.00
# Visual Studio 2010
Project("{8BC9CEB8-8B4A-11D0-8D11-00A0C91BC942}") = "mystaticlib", "mystaticlib\mystaticlib.vcxproj", "{058C7EBD-386F-43A4-B938-EA5381D6E684}"
EndProject
Global
	GlobalSection(SolutionConfigurationPlatforms) = preSolution
		Debug|Win32 = Debug|Win32
		Release|Win32 = Release|Win32
	EndGlobalSection
	GlobalSection(ProjectConfigurationPlatforms) = postSolution
		{058C7EBD-386F-43A4-B938-EA5381D6E684}.Debug|Win32.ActiveCfg = Debug|Win32
		{058C7EBD-386F-43A4-B938-EA5381D6E684}.Debug|Win32.Build.0 = Debug|Win32
		{058C7EBD-386F-43A4-B938-EA5381D6E684}.Release|Win32.ActiveCfg = Release|Win32
		{058C7EBD-386F-43A4-B938-EA5381D6E684}.Release|Win32.Build.0 = Release|Win32
	EndGlobalSection
	GlobalSection(SolutionProperties) = preSolution
		HideSolutionNode = FALSE
	EndGlobalSection
EndGlobal
